
Microsoft Visual Studio Solution File, Format Version 12.00
# Visual Studio Version 17
VisualStudioVersion = 17.10.35122.118
MinimumVisualStudioVersion = 10.0.40219.1
Project("{FAE04EC0-301F-11D3-BF4B-00C04F79EFBC}") = "MandarinBotNet", "MandarinBotNet\MandarinBotNet.csproj", "{F98EB705-AC53-4CA3-BB20-AAA308FBE19C}"
EndProject
Project("{FAE04EC0-301F-11D3-BF4B-00C04F79EFBC}") = "DiscordBot.Common", "DiscordBot.Common\DiscordBot.Common.csproj", "{D5C0A7B3-1A9E-4C0D-8F42-0C08F9F20A11}"
EndProject
Project("{FAE04EC0-301F-11D3-BF4B-00C04F79EFBC}") = "DiscordBot", "DiscordBot\DiscordBot.csproj", "{F474A0F3-4CC6-4305-A4BC-B80A95D34F39}"
EndProject
Project("{FAE04EC0-301F-11D3-BF4B-00C04F79EFBC}") = "DiscordBot.FantasyPremierLeague", "DiscordBot.FantasyPremierLeague\DiscordBot.FantasyPremierLeague.csproj", "{2B7F64C8-7F45-47C4-85B9-5F3D3D9E6F4A}"
EndProject
Project("{FAE04EC0-301F-11D3-BF4B-00C04F79EFBC}") = "DiscordBot.Tests", "DiscordBot.Tests\DiscordBot.Tests.csproj", "{A1E76E48-990B-4D35-92A9-C6359A72F60A}"
EndProject
Project("{FAE04EC0-301F-11D3-BF4B-00C04F79EFBC}") = "DiscordBot.UclFantasy", "DiscordBot.UclFantasy\DiscordBot.UclFantasy.csproj", "{6E7E7A1C-2E91-4A24-A0BD-B1A2B1E7D4A8}"
EndProject
Global
	GlobalSection(SolutionConfigurationPlatforms) = preSolution
		Debug|Any CPU = Debug|Any CPU
		Release|Any CPU = Release|Any CPU
	EndGlobalSection
	GlobalSection(ProjectConfigurationPlatforms) = postSolution
		{F98EB705-AC53-4CA3-BB20-AAA308FBE19C}.Debug|Any CPU.ActiveCfg = Debug|Any CPU
		{F98EB705-AC53-4CA3-BB20-AAA308FBE19C}.Debug|Any CPU.Build.0 = Debug|Any CPU
		{F98EB705-AC53-4CA3-BB20-AAA308FBE19C}.Release|Any CPU.ActiveCfg = Release|Any CPU
		{F98EB705-AC53-4CA3-BB20-AAA308FBE19C}.Release|Any CPU.Build.0 = Release|Any CPU
		{D5C0A7B3-1A9E-4C0D-8F42-0C08F9F20A11}.Debug|Any CPU.ActiveCfg = Debug|Any CPU
		{D5C0A7B3-1A9E-4C0D-8F42-0C08F9F20A11}.Debug|Any CPU.Build.0 = Debug|Any CPU
		{D5C0A7B3-1A9E-4C0D-8F42-0C08F9F20A11}.Release|Any CPU.ActiveCfg = Release|Any CPU
		{D5C0A7B3-1A9E-4C0D-8F42-0C08F9F20A11}.Release|Any CPU.Build.0 = Release|Any CPU
		{F474A0F3-4CC6-4305-A4BC-B80A95D34F39}.Debug|Any CPU.ActiveCfg = Debug|Any CPU
		{F474A0F3-4CC6-4305-A4BC-B80A95D34F39}.Debug|Any CPU.Build.0 = Debug|Any CPU
		{F474A0F3-4CC6-4305-A4BC-B80A95D34F39}.Release|Any CPU.ActiveCfg = Release|Any CPU
		{F474A0F3-4CC6-4305-A4BC-B80A95D34F39}.Release|Any CPU.Build.0 = Release|Any CPU
		{2B7F64C8-7F45-47C4-85B9-5F3D3D9E6F4A}.Debug|Any CPU.ActiveCfg = Debug|Any CPU
		{2B7F64C8-7F45-47C4-85B9-5F3D3D9E6F4A}.Debug|Any CPU.Build.0 = Debug|Any CPU
		{2B7F64C8-7F45-47C4-85B9-5F3D3D9E6F4A}.Release|Any CPU.ActiveCfg = Release|Any CPU
		{2B7F64C8-7F45-47C4-85B9-5F3D3D9E6F4A}.Release|Any CPU.Build.0 = Release|Any CPU
		{A1E76E48-990B-4D35-92A9-C6359A72F60A}.Debug|Any CPU.ActiveCfg = Debug|Any CPU
		{A1E76E48-990B-4D35-92A9-C6359A72F60A}.Debug|Any CPU.Build.0 = Debug|Any CPU
		{A1E76E48-990B-4D35-92A9-C6359A72F60A}.Release|Any CPU.ActiveCfg = Release|Any CPU
		{A1E76E48-990B-4D35-92A9-C6359A72F60A}.Release|Any CPU.Build.0 = Release|Any CPU
		{6E7E7A1C-2E91-4A24-A0BD-B1A2B1E7D4A8}.Debug|Any CPU.ActiveCfg = Debug|Any CPU
		{6E7E7A1C-2E91-4A24-A0BD-B1A2B1E7D4A8}.Debug|Any CPU.Build.0 = Debug|Any CPU
		{6E7E7A1C-2E91-4A24-A0BD-B1A2B1E7D4A8}.Release|Any CPU.ActiveCfg = Release|Any CPU
		{6E7E7A1C-2E91-4A24-A0BD-B1A2B1E7D4A8}.Release|Any CPU.Build.0 = Release|Any CPU
	EndGlobalSection
	GlobalSection(SolutionProperties) = preSolution
		HideSolutionNode = FALSE
	EndGlobalSection
	GlobalSection(ExtensibilityGlobals) = postSolution
		SolutionGuid = {A1199141-4843-4693-8968-82FB761ED047}
	EndGlobalSection
EndGlobal
